// !$*UTF8*$!
{
	archiveVersion = 1;
	classes = {
	};
	objectVersion = 77;
	objects = {

/* Begin PBXBuildFile section */
		818A51242EA0229E00D1861E /* TransactionItem+CoreDataProperties.swift in Sources */ = {isa = PBXBuildFile; fileRef = 818A51232EA0229E00D1861E /* TransactionItem+CoreDataProperties.swift */; };
		818A51252EA0229E00D1861E /* TransactionItem+CoreDataClass.swift in Sources */ = {isa = PBXBuildFile; fileRef = 818A51222EA0229E00D1861E /* TransactionItem+CoreDataClass.swift */; };
		81FFD4A42E5230DB0049825D /* Localizable.xcstrings in Resources */ = {isa = PBXBuildFile; fileRef = 81FFD4A32E5230DB0049825D /* Localizable.xcstrings */; };
/* End PBXBuildFile section */

/* Begin PBXContainerItemProxy section */
		8102CBDC2E4B7BB900F2D9B3 /* PBXContainerItemProxy */ = {
			isa = PBXContainerItemProxy;
			containerPortal = 8102CBBF2E4B7BB700F2D9B3 /* Project object */;
			proxyType = 1;
			remoteGlobalIDString = 8102CBC62E4B7BB700F2D9B3;
			remoteInfo = MangoAccounting;
		};
		8102CBE62E4B7BB900F2D9B3 /* PBXContainerItemProxy */ = {
			isa = PBXContainerItemProxy;
			containerPortal = 8102CBBF2E4B7BB700F2D9B3 /* Project object */;
			proxyType = 1;
			remoteGlobalIDString = 8102CBC62E4B7BB700F2D9B3;
			remoteInfo = MangoAccounting;
		};
/* End PBXContainerItemProxy section */

/* Begin PBXFileReference section */
		8102CBC72E4B7BB700F2D9B3 /* MangoAccounting.app */ = {isa = PBXFileReference; explicitFileType = wrapper.application; includeInIndex = 0; path = MangoAccounting.app; sourceTree = BUILT_PRODUCTS_DIR; };
		8102CBDB2E4B7BB900F2D9B3 /* MangoAccountingTests.xctest */ = {isa = PBXFileReference; explicitFileType = wrapper.cfbundle; includeInIndex = 0; path = MangoAccountingTests.xctest; sourceTree = BUILT_PRODUCTS_DIR; };
		8102CBE52E4B7BB900F2D9B3 /* MangoAccountingUITests.xctest */ = {isa = PBXFileReference; explicitFileType = wrapper.cfbundle; includeInIndex = 0; path = MangoAccountingUITests.xctest; sourceTree = BUILT_PRODUCTS_DIR; };
		818A51222EA0229E00D1861E /* TransactionItem+CoreDataClass.swift */ = {isa = PBXFileReference; lastKnownFileType = sourcecode.swift; path = "TransactionItem+CoreDataClass.swift"; sourceTree = "<group>"; };
		818A51232EA0229E00D1861E /* TransactionItem+CoreDataProperties.swift */ = {isa = PBXFileReference; lastKnownFileType = sourcecode.swift; path = "TransactionItem+CoreDataProperties.swift"; sourceTree = "<group>"; };
		81FFD4A32E5230DB0049825D /* Localizable.xcstrings */ = {isa = PBXFileReference; lastKnownFileType = text.json.xcstrings; path = Localizable.xcstrings; sourceTree = "<group>"; };
/* End PBXFileReference section */

/* Begin PBXFileSystemSynchronizedBuildFileExceptionSet section */
		8102CBED2E4B7BB900F2D9B3 /* Exceptions for "MangoAccounting" folder in "MangoAccounting" target */ = {
			isa = PBXFileSystemSynchronizedBuildFileExceptionSet;
			membershipExceptions = (
				Info.plist,
			);
			target = 8102CBC62E4B7BB700F2D9B3 /* MangoAccounting */;
		};
/* End PBXFileSystemSynchronizedBuildFileExceptionSet section */

/* Begin PBXFileSystemSynchronizedRootGroup section */
		8102CBC92E4B7BB700F2D9B3 /* MangoAccounting */ = {
			isa = PBXFileSystemSynchronizedRootGroup;
			exceptions = (
				8102CBED2E4B7BB900F2D9B3 /* Exceptions for "MangoAccounting" folder in "MangoAccounting" target */,
			);
			path = MangoAccounting;
			sourceTree = "<group>";
		};
		8102CBDE2E4B7BB900F2D9B3 /* MangoAccountingTests */ = {
			isa = PBXFileSystemSynchronizedRootGroup;
			path = MangoAccountingTests;
			sourceTree = "<group>";
		};
		8102CBE82E4B7BB900F2D9B3 /* MangoAccountingUITests */ = {
			isa = PBXFileSystemSynchronizedRootGroup;
			path = MangoAccountingUITests;
			sourceTree = "<group>";
		};
/* End PBXFileSystemSynchronizedRootGroup section */

/* Begin PBXFrameworksBuildPhase section */
		8102CBC42E4B7BB700F2D9B3 /* Frameworks */ = {
			isa = PBXFrameworksBuildPhase;
			buildActionMask = 2147483647;
			files = (
			);
			runOnlyForDeploymentPostprocessing = 0;
		};
		8102CBD82E4B7BB900F2D9B3 /* Frameworks */ = {
			isa = PBXFrameworksBuildPhase;
			buildActionMask = 2147483647;
			files = (
			);
			runOnlyForDeploymentPostprocessing = 0;
		};
		8102CBE22E4B7BB900F2D9B3 /* Frameworks */ = {
			isa = PBXFrameworksBuildPhase;
			buildActionMask = 2147483647;
			files = (
			);
			runOnlyForDeploymentPostprocessing = 0;
		};
/* End PBXFrameworksBuildPhase section */

/* Begin PBXGroup section */
		8102CBBE2E4B7BB700F2D9B3 = {
			isa = PBXGroup;
			children = (
				818A51222EA0229E00D1861E /* TransactionItem+CoreDataClass.swift */,
				818A51232EA0229E00D1861E /* TransactionItem+CoreDataProperties.swift */,
				81FFD4A32E5230DB0049825D /* Localizable.xcstrings */,
				8102CBC92E4B7BB700F2D9B3 /* MangoAccounting */,
				8102CBDE2E4B7BB900F2D9B3 /* MangoAccountingTests */,
				8102CBE82E4B7BB900F2D9B3 /* MangoAccountingUITests */,
				8102CBC82E4B7BB700F2D9B3 /* Products */,
			);
			sourceTree = "<group>";
		};
		8102CBC82E4B7BB700F2D9B3 /* Products */ = {
			isa = PBXGroup;
			children = (
				8102CBC72E4B7BB700F2D9B3 /* MangoAccounting.app */,
				8102CBDB2E4B7BB900F2D9B3 /* MangoAccountingTests.xctest */,
				8102CBE52E4B7BB900F2D9B3 /* MangoAccountingUITests.xctest */,
			);
			name = Products;
			sourceTree = "<group>";
		};
/* End PBXGroup section */

/* Begin PBXNativeTarget section */
		8102CBC62E4B7BB700F2D9B3 /* MangoAccounting */ = {
			isa = PBXNativeTarget;
			buildConfigurationList = 8102CBEE2E4B7BB900F2D9B3 /* Build configuration list for PBXNativeTarget "MangoAccounting" */;
			buildPhases = (
				8102CBC32E4B7BB700F2D9B3 /* Sources */,
				8102CBC42E4B7BB700F2D9B3 /* Frameworks */,
				8102CBC52E4B7BB700F2D9B3 /* Resources */,
			);
			buildRules = (
			);
			dependencies = (
			);
			fileSystemSynchronizedGroups = (
				8102CBC92E4B7BB700F2D9B3 /* MangoAccounting */,
			);
			name = MangoAccounting;
			packageProductDependencies = (
			);
			productName = MangoAccounting;
			productReference = 8102CBC72E4B7BB700F2D9B3 /* MangoAccounting.app */;
			productType = "com.apple.product-type.application";
		};
		8102CBDA2E4B7BB900F2D9B3 /* MangoAccountingTests */ = {
			isa = PBXNativeTarget;
			buildConfigurationList = 8102CBF32E4B7BB900F2D9B3 /* Build configuration list for PBXNativeTarget "MangoAccountingTests" */;
			buildPhases = (
				8102CBD72E4B7BB900F2D9B3 /* Sources */,
				8102CBD82E4B7BB900F2D9B3 /* Frameworks */,
				8102CBD92E4B7BB900F2D9B3 /* Resources */,
			);
			buildRules = (
			);
			dependencies = (
				8102CBDD2E4B7BB900F2D9B3 /* PBXTargetDependency */,
			);
			fileSystemSynchronizedGroups = (
				8102CBDE2E4B7BB900F2D9B3 /* MangoAccountingTests */,
			);
			name = MangoAccountingTests;
			packageProductDependencies = (
			);
			productName = MangoAccountingTests;
			productReference = 8102CBDB2E4B7BB900F2D9B3 /* MangoAccountingTests.xctest */;
			productType = "com.apple.product-type.bundle.unit-test";
		};
		8102CBE42E4B7BB900F2D9B3 /* MangoAccountingUITests */ = {
			isa = PBXNativeTarget;
			buildConfigurationList = 8102CBF62E4B7BB900F2D9B3 /* Build configuration list for PBXNativeTarget "MangoAccountingUITests" */;
			buildPhases = (
				8102CBE12E4B7BB900F2D9B3 /* Sources */,
				8102CBE22E4B7BB900F2D9B3 /* Frameworks */,
				8102CBE32E4B7BB900F2D9B3 /* Resources */,
			);
			buildRules = (
			);
			dependencies = (
				8102CBE72E4B7BB900F2D9B3 /* PBXTargetDependency */,
			);
			fileSystemSynchronizedGroups = (
				8102CBE82E4B7BB900F2D9B3 /* MangoAccountingUITests */,
			);
			name = MangoAccountingUITests;
			packageProductDependencies = (
			);
			productName = MangoAccountingUITests;
			productReference = 8102CBE52E4B7BB900F2D9B3 /* MangoAccountingUITests.xctest */;
			productType = "com.apple.product-type.bundle.ui-testing";
		};
/* End PBXNativeTarget section */

/* Begin PBXProject section */
		8102CBBF2E4B7BB700F2D9B3 /* Project object */ = {
			isa = PBXProject;
			attributes = {
				BuildIndependentTargetsInParallel = 1;
				LastSwiftUpdateCheck = 1640;
				LastUpgradeCheck = 1640;
				TargetAttributes = {
					8102CBC62E4B7BB700F2D9B3 = {
						CreatedOnToolsVersion = 16.4;
					};
					8102CBDA2E4B7BB900F2D9B3 = {
						CreatedOnToolsVersion = 16.4;
						TestTargetID = 8102CBC62E4B7BB700F2D9B3;
					};
					8102CBE42E4B7BB900F2D9B3 = {
						CreatedOnToolsVersion = 16.4;
						TestTargetID = 8102CBC62E4B7BB700F2D9B3;
					};
				};
			};
			buildConfigurationList = 8102CBC22E4B7BB700F2D9B3 /* Build configuration list for PBXProject "MangoAccounting" */;
			developmentRegion = en;
			hasScannedForEncodings = 0;
			knownRegions = (
				en,
				Base,
				de,
				frk,
			);
			mainGroup = 8102CBBE2E4B7BB700F2D9B3;
			minimizedProjectReferenceProxies = 1;
			preferredProjectObjectVersion = 77;
			productRefGroup = 8102CBC82E4B7BB700F2D9B3 /* Products */;
			projectDirPath = "";
			projectRoot = "";
			targets = (
				8102CBC62E4B7BB700F2D9B3 /* MangoAccounting */,
				8102CBDA2E4B7BB900F2D9B3 /* MangoAccountingTests */,
				8102CBE42E4B7BB900F2D9B3 /* MangoAccountingUITests */,
			);
		};
/* End PBXProject section */

/* Begin PBXResourcesBuildPhase section */
		8102CBC52E4B7BB700F2D9B3 /* Resources */ = {
			isa = PBXResourcesBuildPhase;
			buildActionMask = 2147483647;
			files = (
				81FFD4A42E5230DB0049825D /* Localizable.xcstrings in Resources */,
			);
			runOnlyForDeploymentPostprocessing = 0;
		};
		8102CBD92E4B7BB900F2D9B3 /* Resources */ = {
			isa = PBXResourcesBuildPhase;
			buildActionMask = 2147483647;
			files = (
			);
			runOnlyForDeploymentPostprocessing = 0;
		};
		8102CBE32E4B7BB900F2D9B3 /* Resources */ = {
			isa = PBXResourcesBuildPhase;
			buildActionMask = 2147483647;
			files = (
			);
			runOnlyForDeploymentPostprocessing = 0;
		};
/* End PBXResourcesBuildPhase section */

/* Begin PBXSourcesBuildPhase section */
		8102CBC32E4B7BB700F2D9B3 /* Sources */ = {
			isa = PBXSourcesBuildPhase;
			buildActionMask = 2147483647;
			files = (
				818A51242EA0229E00D1861E /* TransactionItem+CoreDataProperties.swift in Sources */,
				818A51252EA0229E00D1861E /* TransactionItem+CoreDataClass.swift in Sources */,
			);
			runOnlyForDeploymentPostprocessing = 0;
		};
		8102CBD72E4B7BB900F2D9B3 /* Sources */ = {
			isa = PBXSourcesBuildPhase;
			buildActionMask = 2147483647;
			files = (
			);
			runOnlyForDeploymentPostprocessing = 0;
		};
		8102CBE12E4B7BB900F2D9B3 /* Sources */ = {
			isa = PBXSourcesBuildPhase;
			buildActionMask = 2147483647;
			files = (
			);
			runOnlyForDeploymentPostprocessing = 0;
		};
/* End PBXSourcesBuildPhase section */

/* Begin PBXTargetDependency section */
		8102CBDD2E4B7BB900F2D9B3 /* PBXTargetDependency */ = {
			isa = PBXTargetDependency;
			target = 8102CBC62E4B7BB700F2D9B3 /* MangoAccounting */;
			targetProxy = 8102CBDC2E4B7BB900F2D9B3 /* PBXContainerItemProxy */;
		};
		8102CBE72E4B7BB900F2D9B3 /* PBXTargetDependency */ = {
			isa = PBXTargetDependency;
			target = 8102CBC62E4B7BB700F2D9B3 /* MangoAccounting */;
			targetProxy = 8102CBE62E4B7BB900F2D9B3 /* PBXContainerItemProxy */;
		};
/* End PBXTargetDependency section */

/* Begin XCBuildConfiguration section */
		8102CBEF2E4B7BB900F2D9B3 /* Debug */ = {
			isa = XCBuildConfiguration;
			buildSettings = {
				ASSETCATALOG_COMPILER_APPICON_NAME = AppIcon;
				ASSETCATALOG_COMPILER_GLOBAL_ACCENT_COLOR_NAME = AccentColor;
				CODE_SIGN_ENTITLEMENTS = MangoAccounting/MangoAccounting.entitlements;
				CODE_SIGN_IDENTITY = "Apple Development";
				"CODE_SIGN_IDENTITY[sdk=macosx*]" = "Apple Development";
				CODE_SIGN_STYLE = Automatic;
				CURRENT_PROJECT_VERSION = 1;
				DEVELOPMENT_TEAM = LUR83WQX7W;
				ENABLE_PREVIEWS = YES;
				GENERATE_INFOPLIST_FILE = YES;
				INFOPLIST_FILE = MangoAccounting/Info.plist;
				"INFOPLIST_KEY_UIApplicationSceneManifest_Generation[sdk=iphoneos*]" = YES;
				"INFOPLIST_KEY_UIApplicationSceneManifest_Generation[sdk=iphonesimulator*]" = YES;
				"INFOPLIST_KEY_UIApplicationSupportsIndirectInputEvents[sdk=iphoneos*]" = YES;
				"INFOPLIST_KEY_UIApplicationSupportsIndirectInputEvents[sdk=iphonesimulator*]" = YES;
				"INFOPLIST_KEY_UILaunchScreen_Generation[sdk=iphoneos*]" = YES;
				"INFOPLIST_KEY_UILaunchScreen_Generation[sdk=iphonesimulator*]" = YES;
				"INFOPLIST_KEY_UIStatusBarStyle[sdk=iphoneos*]" = UIStatusBarStyleDefault;
				"INFOPLIST_KEY_UIStatusBarStyle[sdk=iphonesimulator*]" = UIStatusBarStyleDefault;
				INFOPLIST_KEY_UISupportedInterfaceOrientations_iPad = "UIInterfaceOrientationPortrait UIInterfaceOrientationPortraitUpsideDown UIInterfaceOrientationLandscapeLeft UIInterfaceOrientationLandscapeRight";
				INFOPLIST_KEY_UISupportedInterfaceOrientations_iPhone = "UIInterfaceOrientationPortrait UIInterfaceOrientationLandscapeLeft UIInterfaceOrientationLandscapeRight";
				IPHONEOS_DEPLOYMENT_TARGET = 18.5;
				LD_RUNPATH_SEARCH_PATHS = "@executable_path/Frameworks";
				"LD_RUNPATH_SEARCH_PATHS[sdk=macosx*]" = "@executable_path/../Frameworks";
				MACOSX_DEPLOYMENT_TARGET = 15.5;
				MARKETING_VERSION = 1.0;
				PRODUCT_BUNDLE_IDENTIFIER = bingbangbongVibeCoding.MangoAccounting;
				PRODUCT_NAME = "$(TARGET_NAME)";
				PROVISIONING_PROFILE_SPECIFIER = "";
				REGISTER_APP_GROUPS = YES;
				SDKROOT = auto;
				SUPPORTED_PLATFORMS = "iphoneos iphonesimulator macosx";
				SUPPORTS_MACCATALYST = NO;
				SWIFT_EMIT_LOC_STRINGS = YES;
				SWIFT_VERSION = 5.0;
				TARGETED_DEVICE_FAMILY = "1,2";
				XROS_DEPLOYMENT_TARGET = 2.5;
			};
			name = Debug;
		};
		8102CBF02E4B7BB900F2D9B3 /* Release */ = {
			isa = XCBuildConfiguration;
			buildSettings = {
				ASSETCATALOG_COMPILER_APPICON_NAME = AppIcon;
				ASSETCATALOG_COMPILER_GLOBAL_ACCENT_COLOR_NAME = AccentColor;
				CODE_SIGN_ENTITLEMENTS = MangoAccounting/MangoAccounting.entitlements;
				CODE_SIGN_IDENTITY = "Apple Development";
				"CODE_SIGN_IDENTITY[sdk=macosx*]" = "Apple Development";
				CODE_SIGN_STYLE = Automatic;
				CURRENT_PROJECT_VERSION = 1;
				DEVELOPMENT_TEAM = LUR83WQX7W;
				ENABLE_PREVIEWS = YES;
				GENERATE_INFOPLIST_FILE = YES;
				INFOPLIST_FILE = MangoAccounting/Info.plist;
				"INFOPLIST_KEY_UIApplicationSceneManifest_Generation[sdk=iphoneos*]" = YES;
				"INFOPLIST_KEY_UIApplicationSceneManifest_Generation[sdk=iphonesimulator*]" = YES;
				"INFOPLIST_KEY_UIApplicationSupportsIndirectInputEvents[sdk=iphoneos*]" = YES;
				"INFOPLIST_KEY_UIApplicationSupportsIndirectInputEvents[sdk=iphonesimulator*]" = YES;
				"INFOPLIST_KEY_UILaunchScreen_Generation[sdk=iphoneos*]" = YES;
				"INFOPLIST_KEY_UILaunchScreen_Generation[sdk=iphonesimulator*]" = YES;
				"INFOPLIST_KEY_UIStatusBarStyle[sdk=iphoneos*]" = UIStatusBarStyleDefault;
				"INFOPLIST_KEY_UIStatusBarStyle[sdk=iphonesimulator*]" = UIStatusBarStyleDefault;
				INFOPLIST_KEY_UISupportedInterfaceOrientations_iPad = "UIInterfaceOrientationPortrait UIInterfaceOrientationPortraitUpsideDown UIInterfaceOrientationLandscapeLeft UIInterfaceOrientationLandscapeRight";
				INFOPLIST_KEY_UISupportedInterfaceOrientations_iPhone = "UIInterfaceOrientationPortrait UIInterfaceOrientationLandscapeLeft UIInterfaceOrientationLandscapeRight";
				IPHONEOS_DEPLOYMENT_TARGET = 18.5;
				LD_RUNPATH_SEARCH_PATHS = "@executable_path/Frameworks";
				"LD_RUNPATH_SEARCH_PATHS[sdk=macosx*]" = "@executable_path/../Frameworks";
				MACOSX_DEPLOYMENT_TARGET = 15.5;
				MARKETING_VERSION = 1.0;
				PRODUCT_BUNDLE_IDENTIFIER = bingbangbongVibeCoding.MangoAccounting;
				PRODUCT_NAME = "$(TARGET_NAME)";
				PROVISIONING_PROFILE_SPECIFIER = "";
				REGISTER_APP_GROUPS = YES;
				SDKROOT = auto;
				SUPPORTED_PLATFORMS = "iphoneos iphonesimulator macosx";
				SUPPORTS_MACCATALYST = NO;
				SWIFT_EMIT_LOC_STRINGS = YES;
				SWIFT_VERSION = 5.0;
				TARGETED_DEVICE_FAMILY = "1,2";
				XROS_DEPLOYMENT_TARGET = 2.5;
			};
			name = Release;
		};
		8102CBF12E4B7BB900F2D9B3 /* Debug */ = {
			isa = XCBuildConfiguration;
			buildSettings = {
				ALWAYS_SEARCH_USER_PATHS = NO;
				ASSETCATALOG_COMPILER_GENERATE_SWIFT_ASSET_SYMBOL_EXTENSIONS = YES;
				CLANG_ANALYZER_NONNULL = YES;
				CLANG_ANALYZER_NUMBER_OBJECT_CONVERSION = YES_AGGRESSIVE;
				CLANG_CXX_LANGUAGE_STANDARD = "gnu++20";
				CLANG_ENABLE_MODULES = YES;
				CLANG_ENABLE_OBJC_ARC = YES;
				CLANG_ENABLE_OBJC_WEAK = YES;
				CLANG_WARN_BLOCK_CAPTURE_AUTORELEASING = YES;
				CLANG_WARN_BOOL_CONVERSION = YES;
				CLANG_WARN_COMMA = YES;
				CLANG_WARN_CONSTANT_CONVERSION = YES;
				CLANG_WARN_DEPRECATED_OBJC_IMPLEMENTATIONS = YES;
				CLANG_WARN_DIRECT_OBJC_ISA_USAGE = YES_ERROR;
				CLANG_WARN_DOCUMENTATION_COMMENTS = YES;
				CLANG_WARN_EMPTY_BODY = YES;
				CLANG_WARN_ENUM_CONVERSION = YES;
				CLANG_WARN_INFINITE_RECURSION = YES;
				CLANG_WARN_INT_CONVERSION = YES;
				CLANG_WARN_NON_LITERAL_NULL_CONVERSION = YES;
				CLANG_WARN_OBJC_IMPLICIT_RETAIN_SELF = YES;
				CLANG_WARN_OBJC_LITERAL_CONVERSION = YES;
				CLANG_WARN_OBJC_ROOT_CLASS = YES_ERROR;
				CLANG_WARN_QUOTED_INCLUDE_IN_FRAMEWORK_HEADER = YES;
				CLANG_WARN_RANGE_LOOP_ANALYSIS = YES;
				CLANG_WARN_STRICT_PROTOTYPES = YES;
				CLANG_WARN_SUSPICIOUS_MOVE = YES;
				CLANG_WARN_UNGUARDED_AVAILABILITY = YES_AGGRESSIVE;
				CLANG_WARN_UNREACHABLE_CODE = YES;
				CLANG_WARN__DUPLICATE_METHOD_MATCH = YES;
				COPY_PHASE_STRIP = NO;
				DEBUG_INFORMATION_FORMAT = dwarf;
				ENABLE_STRICT_OBJC_MSGSEND = YES;
				ENABLE_TESTABILITY = YES;
				ENABLE_USER_SCRIPT_SANDBOXING = YES;
				GCC_C_LANGUAGE_STANDARD = gnu17;
				GCC_DYNAMIC_NO_PIC = NO;
				GCC_NO_COMMON_BLOCKS = YES;
				GCC_OPTIMIZATION_LEVEL = 0;
				GCC_PREPROCESSOR_DEFINITIONS = (
					"DEBUG=1",
					"$(inherited)",
				);
				GCC_WARN_64_TO_32_BIT_CONVERSION = YES;
				GCC_WARN_ABOUT_RETURN_TYPE = YES_ERROR;
				GCC_WARN_UNDECLARED_SELECTOR = YES;
				GCC_WARN_UNINITIALIZED_AUTOS = YES_AGGRESSIVE;
				GCC_WARN_UNUSED_FUNCTION = YES;
				GCC_WARN_UNUSED_VARIABLE = YES;
				LOCALIZATION_PREFERS_STRING_CATALOGS = YES;
				MTL_ENABLE_DEBUG_INFO = INCLUDE_SOURCE;
				MTL_FAST_MATH = YES;
				ONLY_ACTIVE_ARCH = YES;
				SWIFT_ACTIVE_COMPILATION_CONDITIONS = "DEBUG $(inherited)";
				SWIFT_EMIT_LOC_STRINGS = YES;
				SWIFT_OPTIMIZATION_LEVEL = "-Onone";
			};
			name = Debug;
		};
		8102CBF22E4B7BB900F2D9B3 /* Release */ = {
			isa = XCBuildConfiguration;
			buildSettings = {
				ALWAYS_SEARCH_USER_PATHS = NO;
				ASSETCATALOG_COMPILER_GENERATE_SWIFT_ASSET_SYMBOL_EXTENSIONS = YES;
				CLANG_ANALYZER_NONNULL = YES;
				CLANG_ANALYZER_NUMBER_OBJECT_CONVERSION = YES_AGGRESSIVE;
				CLANG_CXX_LANGUAGE_STANDARD = "gnu++20";
				CLANG_ENABLE_MODULES = YES;
				CLANG_ENABLE_OBJC_ARC = YES;
				CLANG_ENABLE_OBJC_WEAK = YES;
				CLANG_WARN_BLOCK_CAPTURE_AUTORELEASING = YES;
				CLANG_WARN_BOOL_CONVERSION = YES;
				CLANG_WARN_COMMA = YES;
				CLANG_WARN_CONSTANT_CONVERSION = YES;
				CLANG_WARN_DEPRECATED_OBJC_IMPLEMENTATIONS = YES;
				CLANG_WARN_DIRECT_OBJC_ISA_USAGE = YES_ERROR;
				CLANG_WARN_DOCUMENTATION_COMMENTS = YES;
				CLANG_WARN_EMPTY_BODY = YES;
				CLANG_WARN_ENUM_CONVERSION = YES;
				CLANG_WARN_INFINITE_RECURSION = YES;
				CLANG_WARN_INT_CONVERSION = YES;
				CLANG_WARN_NON_LITERAL_NULL_CONVERSION = YES;
				CLANG_WARN_OBJC_IMPLICIT_RETAIN_SELF = YES;
				CLANG_WARN_OBJC_LITERAL_CONVERSION = YES;
				CLANG_WARN_OBJC_ROOT_CLASS = YES_ERROR;
				CLANG_WARN_QUOTED_INCLUDE_IN_FRAMEWORK_HEADER = YES;
				CLANG_WARN_RANGE_LOOP_ANALYSIS = YES;
				CLANG_WARN_STRICT_PROTOTYPES = YES;
				CLANG_WARN_SUSPICIOUS_MOVE = YES;
				CLANG_WARN_UNGUARDED_AVAILABILITY = YES_AGGRESSIVE;
				CLANG_WARN_UNREACHABLE_CODE = YES;
				CLANG_WARN__DUPLICATE_METHOD_MATCH = YES;
				COPY_PHASE_STRIP = NO;
				DEBUG_INFORMATION_FORMAT = "dwarf-with-dsym";
				ENABLE_NS_ASSERTIONS = NO;
				ENABLE_STRICT_OBJC_MSGSEND = YES;
				ENABLE_USER_SCRIPT_SANDBOXING = YES;
				GCC_C_LANGUAGE_STANDARD = gnu17;
				GCC_NO_COMMON_BLOCKS = YES;
				GCC_WARN_64_TO_32_BIT_CONVERSION = YES;
				GCC_WARN_ABOUT_RETURN_TYPE = YES_ERROR;
				GCC_WARN_UNDECLARED_SELECTOR = YES;
				GCC_WARN_UNINITIALIZED_AUTOS = YES_AGGRESSIVE;
				GCC_WARN_UNUSED_FUNCTION = YES;
				GCC_WARN_UNUSED_VARIABLE = YES;
				LOCALIZATION_PREFERS_STRING_CATALOGS = YES;
				MTL_ENABLE_DEBUG_INFO = NO;
				MTL_FAST_MATH = YES;
				SWIFT_COMPILATION_MODE = wholemodule;
				SWIFT_EMIT_LOC_STRINGS = YES;
			};
			name = Release;
		};
		8102CBF42E4B7BB900F2D9B3 /* Debug */ = {
			isa = XCBuildConfiguration;
			buildSettings = {
				BUNDLE_LOADER = "$(TEST_HOST)";
				CODE_SIGN_IDENTITY = "Apple Development";
				CODE_SIGN_STYLE = Automatic;
				CURRENT_PROJECT_VERSION = 1;
				DEVELOPMENT_TEAM = LUR83WQX7W;
				GENERATE_INFOPLIST_FILE = YES;
				IPHONEOS_DEPLOYMENT_TARGET = 18.5;
				MACOSX_DEPLOYMENT_TARGET = 15.5;
				MARKETING_VERSION = 1.0;
				PRODUCT_BUNDLE_IDENTIFIER = bingbangbongVibeCoding.MangoAccountingTests;
				PRODUCT_NAME = "$(TARGET_NAME)";
				PROVISIONING_PROFILE_SPECIFIER = "";
				SDKROOT = auto;
				SUPPORTED_PLATFORMS = "iphoneos iphonesimulator macosx";
				SUPPORTS_MACCATALYST = NO;
				SWIFT_EMIT_LOC_STRINGS = NO;
				SWIFT_VERSION = 5.0;
				TARGETED_DEVICE_FAMILY = "1,2";
				TEST_HOST = "$(BUILT_PRODUCTS_DIR)/MangoAccounting.app/$(BUNDLE_EXECUTABLE_FOLDER_PATH)/MangoAccounting";
				XROS_DEPLOYMENT_TARGET = 2.5;
			};
			name = Debug;
		};
		8102CBF52E4B7BB900F2D9B3 /* Release */ = {
			isa = XCBuildConfiguration;
			buildSettings = {
				BUNDLE_LOADER = "$(TEST_HOST)";
				CODE_SIGN_IDENTITY = "Apple Development";
				CODE_SIGN_STYLE = Automatic;
				CURRENT_PROJECT_VERSION = 1;
				DEVELOPMENT_TEAM = LUR83WQX7W;
				GENERATE_INFOPLIST_FILE = YES;
				IPHONEOS_DEPLOYMENT_TARGET = 18.5;
				MACOSX_DEPLOYMENT_TARGET = 15.5;
				MARKETING_VERSION = 1.0;
				PRODUCT_BUNDLE_IDENTIFIER = bingbangbongVibeCoding.MangoAccountingTests;
				PRODUCT_NAME = "$(TARGET_NAME)";
				PROVISIONING_PROFILE_SPECIFIER = "";
				SDKROOT = auto;
				SUPPORTED_PLATFORMS = "iphoneos iphonesimulator macosx";
				SUPPORTS_MACCATALYST = NO;
				SWIFT_EMIT_LOC_STRINGS = NO;
				SWIFT_VERSION = 5.0;
				TARGETED_DEVICE_FAMILY = "1,2";
				TEST_HOST = "$(BUILT_PRODUCTS_DIR)/MangoAccounting.app/$(BUNDLE_EXECUTABLE_FOLDER_PATH)/MangoAccounting";
				XROS_DEPLOYMENT_TARGET = 2.5;
			};
			name = Release;
		};
		8102CBF72E4B7BB900F2D9B3 /* Debug */ = {
			isa = XCBuildConfiguration;
			buildSettings = {
				CODE_SIGN_IDENTITY = "Apple Development";
				CODE_SIGN_STYLE = Automatic;
				CURRENT_PROJECT_VERSION = 1;
				DEVELOPMENT_TEAM = LUR83WQX7W;
				GENERATE_INFOPLIST_FILE = YES;
				IPHONEOS_DEPLOYMENT_TARGET = 18.5;
				MACOSX_DEPLOYMENT_TARGET = 15.5;
				MARKETING_VERSION = 1.0;
				PRODUCT_BUNDLE_IDENTIFIER = bingbangbongVibeCoding.MangoAccountingUITests;
				PRODUCT_NAME = "$(TARGET_NAME)";
				PROVISIONING_PROFILE_SPECIFIER = "";
				SDKROOT = auto;
				SUPPORTED_PLATFORMS = "iphoneos iphonesimulator macosx";
				SWIFT_EMIT_LOC_STRINGS = NO;
				SWIFT_VERSION = 5.0;
				TARGETED_DEVICE_FAMILY = "1,2";
				TEST_TARGET_NAME = MangoAccounting;
				XROS_DEPLOYMENT_TARGET = 2.5;
			};
			name = Debug;
		};
		8102CBF82E4B7BB900F2D9B3 /* Release */ = {
			isa = XCBuildConfiguration;
			buildSettings = {
				CODE_SIGN_IDENTITY = "Apple Development";
				CODE_SIGN_STYLE = Automatic;
				CURRENT_PROJECT_VERSION = 1;
				DEVELOPMENT_TEAM = LUR83WQX7W;
				GENERATE_INFOPLIST_FILE = YES;
				IPHONEOS_DEPLOYMENT_TARGET = 18.5;
				MACOSX_DEPLOYMENT_TARGET = 15.5;
				MARKETING_VERSION = 1.0;
				PRODUCT_BUNDLE_IDENTIFIER = bingbangbongVibeCoding.MangoAccountingUITests;
				PRODUCT_NAME = "$(TARGET_NAME)";
				PROVISIONING_PROFILE_SPECIFIER = "";
				SDKROOT = auto;
				SUPPORTED_PLATFORMS = "iphoneos iphonesimulator macosx";
				SWIFT_EMIT_LOC_STRINGS = NO;
				SWIFT_VERSION = 5.0;
				TARGETED_DEVICE_FAMILY = "1,2";
				TEST_TARGET_NAME = MangoAccounting;
				XROS_DEPLOYMENT_TARGET = 2.5;
			};
			name = Release;
		};
/* End XCBuildConfiguration section */

/* Begin XCConfigurationList section */
		8102CBC22E4B7BB700F2D9B3 /* Build configuration list for PBXProject "MangoAccounting" */ = {
			isa = XCConfigurationList;
			buildConfigurations = (
				8102CBF12E4B7BB900F2D9B3 /* Debug */,
				8102CBF22E4B7BB900F2D9B3 /* Release */,
			);
			defaultConfigurationIsVisible = 0;
			defaultConfigurationName = Release;
		};
		8102CBEE2E4B7BB900F2D9B3 /* Build configuration list for PBXNativeTarget "MangoAccounting" */ = {
			isa = XCConfigurationList;
			buildConfigurations = (
				8102CBEF2E4B7BB900F2D9B3 /* Debug */,
				8102CBF02E4B7BB900F2D9B3 /* Release */,
			);
			defaultConfigurationIsVisible = 0;
			defaultConfigurationName = Release;
		};
		8102CBF32E4B7BB900F2D9B3 /* Build configuration list for PBXNativeTarget "MangoAccountingTests" */ = {
			isa = XCConfigurationList;
			buildConfigurations = (
				8102CBF42E4B7BB900F2D9B3 /* Debug */,
				8102CBF52E4B7BB900F2D9B3 /* Release */,
			);
			defaultConfigurationIsVisible = 0;
			defaultConfigurationName = Release;
		};
		8102CBF62E4B7BB900F2D9B3 /* Build configuration list for PBXNativeTarget "MangoAccountingUITests" */ = {
			isa = XCConfigurationList;
			buildConfigurations = (
				8102CBF72E4B7BB900F2D9B3 /* Debug */,
				8102CBF82E4B7BB900F2D9B3 /* Release */,
			);
			defaultConfigurationIsVisible = 0;
			defaultConfigurationName = Release;
		};
/* End XCConfigurationList section */
	};
	rootObject = 8102CBBF2E4B7BB700F2D9B3 /* Project object */;
}
